
Microsoft Visual Studio Solution File, Format Version 12.00
# Visual Studio Version 17
VisualStudioVersion = 17.6.33723.286
MinimumVisualStudioVersion = 10.0.40219.1
Project("{FAE04EC0-301F-11D3-BF4B-00C04F79EFBC}") = "Final Visual studio Project", "Final Visual studio Project\Final Visual studio Project.csproj", "{22AE26E0-8196-4B57-AD98-BAEDDEFC3272}"
EndProject
Global
	GlobalSection(SolutionConfigurationPlatforms) = preSolution
		Debug|Any CPU = Debug|Any CPU
		Release|Any CPU = Release|Any CPU
	EndGlobalSection
	GlobalSection(ProjectConfigurationPlatforms) = postSolution
		{22AE26E0-8196-4B57-AD98-BAEDDEFC3272}.Debug|Any CPU.ActiveCfg = Debug|Any CPU
		{22AE26E0-8196-4B57-AD98-BAEDDEFC3272}.Debug|Any CPU.Build.0 = Debug|Any CPU
		{22AE26E0-8196-4B57-AD98-BAEDDEFC3272}.Release|Any CPU.ActiveCfg = Release|Any CPU
		{22AE26E0-8196-4B57-AD98-BAEDDEFC3272}.Release|Any CPU.Build.0 = Release|Any CPU
	EndGlobalSection
	GlobalSection(SolutionProperties) = preSolution
		HideSolutionNode = FALSE
	EndGlobalSection
	GlobalSection(ExtensibilityGlobals) = postSolution
		SolutionGuid = {0A376925-51DB-4437-B0E9-5927C0E5B9BC}
	EndGlobalSection
EndGlobal
